
Microsoft Visual Studio Solution File, Format Version 12.00
# Visual Studio Version 17
VisualStudioVersion = 17.4.33213.308
MinimumVisualStudioVersion = 10.0.40219.1
Project("{FAE04EC0-301F-11D3-BF4B-00C04F79EFBC}") = "Project445", "Project445.csproj", "{7EB783A6-F5A3-487B-A046-711E6BE5D54F}"
	ProjectSection(ProjectDependencies) = postProject
		{38DFFC9F-0E3F-4817-BB4C-A95EB354B859} = {38DFFC9F-0E3F-4817-BB4C-A95EB354B859}
	EndProjectSection
EndProject
Project("{FAE04EC0-301F-11D3-BF4B-00C04F79EFBC}") = "MovieService", "..\MovieService\MovieService.csproj", "{38DFFC9F-0E3F-4817-BB4C-A95EB354B859}"
EndProject
Global
	GlobalSection(SolutionConfigurationPlatforms) = preSolution
		Debug|Any CPU = Debug|Any CPU
		Release|Any CPU = Release|Any CPU
	EndGlobalSection
	GlobalSection(ProjectConfigurationPlatforms) = postSolution
		{7EB783A6-F5A3-487B-A046-711E6BE5D54F}.Debug|Any CPU.ActiveCfg = Debug|Any CPU
		{7EB783A6-F5A3-487B-A046-711E6BE5D54F}.Debug|Any CPU.Build.0 = Debug|Any CPU
		{7EB783A6-F5A3-487B-A046-711E6BE5D54F}.Release|Any CPU.ActiveCfg = Release|Any CPU
		{7EB783A6-F5A3-487B-A046-711E6BE5D54F}.Release|Any CPU.Build.0 = Release|Any CPU
		{38DFFC9F-0E3F-4817-BB4C-A95EB354B859}.Debug|Any CPU.ActiveCfg = Debug|Any CPU
		{38DFFC9F-0E3F-4817-BB4C-A95EB354B859}.Debug|Any CPU.Build.0 = Debug|Any CPU
		{38DFFC9F-0E3F-4817-BB4C-A95EB354B859}.Release|Any CPU.ActiveCfg = Release|Any CPU
		{38DFFC9F-0E3F-4817-BB4C-A95EB354B859}.Release|Any CPU.Build.0 = Release|Any CPU
	EndGlobalSection
	GlobalSection(SolutionProperties) = preSolution
		HideSolutionNode = FALSE
	EndGlobalSection
	GlobalSection(ExtensibilityGlobals) = postSolution
		SolutionGuid = {8616EA15-0228-458E-A698-0524DBD6750C}
	EndGlobalSection
EndGlobal
